{
  "name": "omni_frontend",
  "lockfileVersion": 3,
  "requires": true,
  "packages": {
    "": {
      "name": "omni_frontend",
      "devDependencies": {
        "prettier": "^3.5.0",
        "turbo": "^2.4.4",
        "typescript": "5.7.3"
      },
      "engines": {
        "node": ">=18"
      }
    },
    "node_modules/prettier": {
      "version": "3.6.2",
      "resolved": "https://registry.npmjs.org/prettier/-/prettier-3.6.2.tgz",
      "integrity": "sha512-I7AIg5boAr5R0FFtJ6rCfD+LFsWHp81dolrFD8S79U9tb8Az2nGrJncnMSnys+bpQJfRUzqs9hnA81OAA3hCuQ==",
      "dev": true,
      "bin": {
        "prettier": "bin/prettier.cjs"
      },
      "engines": {
        "node": ">=14"
      },
      "funding": {
        "url": "https://github.com/prettier/prettier?sponsor=1"
      }
    },
    "node_modules/turbo": {
      "version": "2.5.6",
      "resolved": "https://registry.npmjs.org/turbo/-/turbo-2.5.6.tgz",
      "integrity": "sha512-gxToHmi9oTBNB05UjUsrWf0OyN5ZXtD0apOarC1KIx232Vp3WimRNy3810QzeNSgyD5rsaIDXlxlbnOzlouo+w==",
      "dev": true,
      "bin": {
        "turbo": "bin/turbo"
      },
      "optionalDependencies": {
        "turbo-darwin-64": "2.5.6",
        "turbo-darwin-arm64": "2.5.6",
        "turbo-linux-64": "2.5.6",
        "turbo-linux-arm64": "2.5.6",
        "turbo-windows-64": "2.5.6",
        "turbo-windows-arm64": "2.5.6"
      }
    },
    "node_modules/turbo-darwin-64": {
      "version": "2.5.6",
      "resolved": "https://registry.npmjs.org/turbo-darwin-64/-/turbo-darwin-64-2.5.6.tgz",
      "integrity": "sha512-3C1xEdo4aFwMJAPvtlPqz1Sw/+cddWIOmsalHFMrsqqydcptwBfu26WW2cDm3u93bUzMbBJ8k3zNKFqxJ9ei2A==",
      "cpu": [
        "x64"
      ],
      "dev": true,
      "optional": true,
      "os": [
        "darwin"
      ]
    },
    "node_modules/turbo-darwin-arm64": {
      "version": "2.5.6",
      "resolved": "https://registry.npmjs.org/turbo-darwin-arm64/-/turbo-darwin-arm64-2.5.6.tgz",
      "integrity": "sha512-LyiG+rD7JhMfYwLqB6k3LZQtYn8CQQUePbpA8mF/hMLPAekXdJo1g0bUPw8RZLwQXUIU/3BU7tXENvhSGz5DPA==",
      "cpu": [
        "arm64"
      ],
      "dev": true,
      "optional": true,
      "os": [
        "darwin"
      ]
    },
    "node_modules/turbo-linux-64": {
      "version": "2.5.6",
      "resolved": "https://registry.npmjs.org/turbo-linux-64/-/turbo-linux-64-2.5.6.tgz",
      "integrity": "sha512-GOcUTT0xiT/pSnHL4YD6Yr3HreUhU8pUcGqcI2ksIF9b2/r/kRHwGFcsHgpG3+vtZF/kwsP0MV8FTlTObxsYIA==",
      "cpu": [
        "x64"
      ],
      "dev": true,
      "optional": true,
      "os": [
        "linux"
      ]
    },
    "node_modules/turbo-linux-arm64": {
      "version": "2.5.6",
      "resolved": "https://registry.npmjs.org/turbo-linux-arm64/-/turbo-linux-arm64-2.5.6.tgz",
      "integrity": "sha512-10Tm15bruJEA3m0V7iZcnQBpObGBcOgUcO+sY7/2vk1bweW34LMhkWi8svjV9iDF68+KJDThnYDlYE/bc7/zzQ==",
      "cpu": [
        "arm64"
      ],
      "dev": true,
      "optional": true,
      "os": [
        "linux"
      ]
    },
    "node_modules/turbo-windows-64": {
      "version": "2.5.6",
      "resolved": "https://registry.npmjs.org/turbo-windows-64/-/turbo-windows-64-2.5.6.tgz",
      "integrity": "sha512-FyRsVpgaj76It0ludwZsNN40ytHN+17E4PFJyeliBEbxrGTc5BexlXVpufB7XlAaoaZVxbS6KT8RofLfDRyEPg==",
      "cpu": [
        "x64"
      ],
      "dev": true,
      "optional": true,
      "os": [
        "win32"
      ]
    },
    "node_modules/turbo-windows-arm64": {
      "version": "2.5.6",
      "resolved": "https://registry.npmjs.org/turbo-windows-arm64/-/turbo-windows-arm64-2.5.6.tgz",
      "integrity": "sha512-j/tWu8cMeQ7HPpKri6jvKtyXg9K1gRyhdK4tKrrchH8GNHscPX/F71zax58yYtLRWTiK04zNzPcUJuoS0+v/+Q==",
      "cpu": [
        "arm64"
      ],
      "dev": true,
      "optional": true,
      "os": [
        "win32"
      ]
    },
    "node_modules/typescript": {
      "version": "5.7.3",
      "resolved": "https://registry.npmjs.org/typescript/-/typescript-5.7.3.tgz",
      "integrity": "sha512-84MVSjMEHP+FQRPy3pX9sTVV/INIex71s9TL2Gm5FG/WG1SqXeKyZ0k7/blY/4FdOzI12CBy1vGc4og/eus0fw==",
      "dev": true,
      "bin": {
        "tsc": "bin/tsc",
        "tsserver": "bin/tsserver"
      },
      "engines": {
        "node": ">=14.17"
      }
    }
  }
}
